
Microsoft Visual Studio Solution File, Format Version 12.00
# Visual Studio Version 17
VisualStudioVersion = 17.5.002.0
MinimumVisualStudioVersion = 10.0.40219.1
Project("{9A19103F-16F7-4668-BE54-9A1E7A4F7556}") = "Task5", "Task5.csproj", "{CE365137-32B9-4E36-9F67-43A8A86E6002}"
EndProject
Global
	GlobalSection(SolutionConfigurationPlatforms) = preSolution
		Debug|Any CPU = Debug|Any CPU
		Release|Any CPU = Release|Any CPU
	EndGlobalSection
	GlobalSection(ProjectConfigurationPlatforms) = postSolution
		{CE365137-32B9-4E36-9F67-43A8A86E6002}.Debug|Any CPU.ActiveCfg = Debug|Any CPU
		{CE365137-32B9-4E36-9F67-43A8A86E6002}.Debug|Any CPU.Build.0 = Debug|Any CPU
		{CE365137-32B9-4E36-9F67-43A8A86E6002}.Release|Any CPU.ActiveCfg = Release|Any CPU
		{CE365137-32B9-4E36-9F67-43A8A86E6002}.Release|Any CPU.Build.0 = Release|Any CPU
	EndGlobalSection
	GlobalSection(SolutionProperties) = preSolution
		HideSolutionNode = FALSE
	EndGlobalSection
	GlobalSection(ExtensibilityGlobals) = postSolution
		SolutionGuid = {AEEAEE1D-DF2B-40BE-9798-3FB722FBF353}
	EndGlobalSection
EndGlobal
